
Microsoft Visual Studio Solution File, Format Version 12.00
Project("{FAE04EC0-301F-11D3-BF4B-00C04F79EFBC}") = "EfCore.Sharding.Suggestion", "EfCore.Sharding.Suggestion\EfCore.Sharding.Suggestion.csproj", "{FA7ED81B-F5E2-4072-B0DE-9AA4139A29EC}"
EndProject
Project("{FAE04EC0-301F-11D3-BF4B-00C04F79EFBC}") = "EfCore.Sharding.Suggestion.Sharding", "EfCore.Sharding.Suggestion.Sharding\EfCore.Sharding.Suggestion.Sharding.csproj", "{E85C6509-37C7-4871-B810-A055F8BA36E5}"
EndProject
Global
	GlobalSection(SolutionConfigurationPlatforms) = preSolution
		Debug|Any CPU = Debug|Any CPU
		Release|Any CPU = Release|Any CPU
	EndGlobalSection
	GlobalSection(ProjectConfigurationPlatforms) = postSolution
		{FA7ED81B-F5E2-4072-B0DE-9AA4139A29EC}.Debug|Any CPU.ActiveCfg = Debug|Any CPU
		{FA7ED81B-F5E2-4072-B0DE-9AA4139A29EC}.Debug|Any CPU.Build.0 = Debug|Any CPU
		{FA7ED81B-F5E2-4072-B0DE-9AA4139A29EC}.Release|Any CPU.ActiveCfg = Release|Any CPU
		{FA7ED81B-F5E2-4072-B0DE-9AA4139A29EC}.Release|Any CPU.Build.0 = Release|Any CPU
		{E85C6509-37C7-4871-B810-A055F8BA36E5}.Debug|Any CPU.ActiveCfg = Debug|Any CPU
		{E85C6509-37C7-4871-B810-A055F8BA36E5}.Debug|Any CPU.Build.0 = Debug|Any CPU
		{E85C6509-37C7-4871-B810-A055F8BA36E5}.Release|Any CPU.ActiveCfg = Release|Any CPU
		{E85C6509-37C7-4871-B810-A055F8BA36E5}.Release|Any CPU.Build.0 = Release|Any CPU
	EndGlobalSection
EndGlobal
